
Microsoft Visual Studio Solution File, Format Version 12.00
# Visual Studio Version 17
VisualStudioVersion = 17.0.31612.314
MinimumVisualStudioVersion = 10.0.40219.1
Project("{FAE04EC0-301F-11D3-BF4B-00C04F79EFBC}") = "HelloWorld", "HelloWorld\HelloWorld.csproj", "{B348A062-98DC-44FF-B626-F8F6952C53FC}"
EndProject
Global
	GlobalSection(SolutionConfigurationPlatforms) = preSolution
		Debug|Any CPU = Debug|Any CPU
		Release|Any CPU = Release|Any CPU
	EndGlobalSection
	GlobalSection(ProjectConfigurationPlatforms) = postSolution
		{B348A062-98DC-44FF-B626-F8F6952C53FC}.Debug|Any CPU.ActiveCfg = Debug|Any CPU
		{B348A062-98DC-44FF-B626-F8F6952C53FC}.Debug|Any CPU.Build.0 = Debug|Any CPU
		{B348A062-98DC-44FF-B626-F8F6952C53FC}.Release|Any CPU.ActiveCfg = Release|Any CPU
		{B348A062-98DC-44FF-B626-F8F6952C53FC}.Release|Any CPU.Build.0 = Release|Any CPU
	EndGlobalSection
	GlobalSection(SolutionProperties) = preSolution
		HideSolutionNode = FALSE
	EndGlobalSection
	GlobalSection(ExtensibilityGlobals) = postSolution
		SolutionGuid = {CECF5A81-D6D6-4CC0-8227-704763CFE240}
	EndGlobalSection
EndGlobal
