
Microsoft Visual Studio Solution File, Format Version 12.00
# Visual Studio Version 16
VisualStudioVersion = 16.0.31515.178
MinimumVisualStudioVersion = 10.0.40219.1
Project("{FAE04EC0-301F-11D3-BF4B-00C04F79EFBC}") = "DollarsAndSenseFCS", "DollarsAndSenseFCS.csproj", "{35E6F728-FE7F-415D-A22D-5C2C1E84869A}"
EndProject
Global
	GlobalSection(SolutionConfigurationPlatforms) = preSolution
		Debug|Any CPU = Debug|Any CPU
		Release|Any CPU = Release|Any CPU
	EndGlobalSection
	GlobalSection(ProjectConfigurationPlatforms) = postSolution
		{35E6F728-FE7F-415D-A22D-5C2C1E84869A}.Debug|Any CPU.ActiveCfg = Debug|Any CPU
		{35E6F728-FE7F-415D-A22D-5C2C1E84869A}.Debug|Any CPU.Build.0 = Debug|Any CPU
		{35E6F728-FE7F-415D-A22D-5C2C1E84869A}.Release|Any CPU.ActiveCfg = Release|Any CPU
		{35E6F728-FE7F-415D-A22D-5C2C1E84869A}.Release|Any CPU.Build.0 = Release|Any CPU
	EndGlobalSection
	GlobalSection(SolutionProperties) = preSolution
		HideSolutionNode = FALSE
	EndGlobalSection
	GlobalSection(ExtensibilityGlobals) = postSolution
		SolutionGuid = {79F15F47-716E-43D8-AD0D-F63D607F9A2C}
	EndGlobalSection
EndGlobal
